
Microsoft Visual Studio Solution File, Format Version 12.00
# Visual Studio Version 17
VisualStudioVersion = 17.6.33829.357
MinimumVisualStudioVersion = 10.0.40219.1
Project("{FAE04EC0-301F-11D3-BF4B-00C04F79EFBC}") = "CrudRepositries", "CrudRepositries\CrudRepositries.csproj", "{9CC6F6B0-A5E4-4354-A374-1F09F298EB5C}"
EndProject
Global
	GlobalSection(SolutionConfigurationPlatforms) = preSolution
		Debug|Any CPU = Debug|Any CPU
		Release|Any CPU = Release|Any CPU
	EndGlobalSection
	GlobalSection(ProjectConfigurationPlatforms) = postSolution
		{9CC6F6B0-A5E4-4354-A374-1F09F298EB5C}.Debug|Any CPU.ActiveCfg = Debug|Any CPU
		{9CC6F6B0-A5E4-4354-A374-1F09F298EB5C}.Debug|Any CPU.Build.0 = Debug|Any CPU
		{9CC6F6B0-A5E4-4354-A374-1F09F298EB5C}.Release|Any CPU.ActiveCfg = Release|Any CPU
		{9CC6F6B0-A5E4-4354-A374-1F09F298EB5C}.Release|Any CPU.Build.0 = Release|Any CPU
	EndGlobalSection
	GlobalSection(SolutionProperties) = preSolution
		HideSolutionNode = FALSE
	EndGlobalSection
	GlobalSection(ExtensibilityGlobals) = postSolution
		SolutionGuid = {DE7FDE56-54C2-46E1-A4EC-0C028B0C9C5F}
	EndGlobalSection
EndGlobal
